GEM
  remote: https://rubygems.org/
  specs:
    base64 (0.3.0)
    connection_pool (3.0.2)
    eventmachine (1.2.7)
    faye-websocket (0.12.0)
      eventmachine (>= 0.12.0)
      websocket-driver (>= 0.8.0)
    pg (1.6.3)
    pg (1.6.3-aarch64-linux)
    pg (1.6.3-aarch64-linux-musl)
    pg (1.6.3-arm64-darwin)
    pg (1.6.3-x86_64-darwin)
    pg (1.6.3-x86_64-linux)
    pg (1.6.3-x86_64-linux-musl)
    rack (3.2.5)
    rackup (2.3.1)
      rack (>= 3)
    redis (5.4.1)
      redis-client (>= 0.22.0)
    redis-client (0.28.0)
      connection_pool
    stripe (18.4.2)
    webrick (1.9.2)
    websocket-driver (0.8.0)
      base64
      websocket-extensions (>= 0.1.0)
    websocket-extensions (0.1.5)

PLATFORMS
  aarch64-linux
  aarch64-linux-musl
  arm64-darwin
  ruby
  x86_64-darwin
  x86_64-linux
  x86_64-linux-musl

DEPENDENCIES
  faye-websocket
  pg (~> 1.5)
  rack (~> 3.0)
  rackup
  redis
  stripe
  webrick

CHECKSUMS
  base64 (0.3.0) sha256=27337aeabad6ffae05c265c450490628ef3ebd4b67be58257393227588f5a97b
  connection_pool (3.0.2) sha256=33fff5ba71a12d2aa26cb72b1db8bba2a1a01823559fb01d29eb74c286e62e0a
  eventmachine (1.2.7) sha256=994016e42aa041477ba9cff45cbe50de2047f25dd418eba003e84f0d16560972
  faye-websocket (0.12.0) sha256=ad9f7dfcd0306d0a13baeee450729657661129af15bb5f38716c242484ab42e1
  pg (1.6.3) sha256=1388d0563e13d2758c1089e35e973a3249e955c659592d10e5b77c468f628a99
  pg (1.6.3-aarch64-linux) sha256=0698ad563e02383c27510b76bf7d4cd2de19cd1d16a5013f375dd473e4be72ea
  pg (1.6.3-aarch64-linux-musl) sha256=06a75f4ea04b05140146f2a10550b8e0d9f006a79cdaf8b5b130cde40e3ecc2c
  pg (1.6.3-arm64-darwin) sha256=7240330b572e6355d7c75a7de535edb5dfcbd6295d9c7777df4d9dddfb8c0e5f
  pg (1.6.3-x86_64-darwin) sha256=ee2e04a17c0627225054ffeb43e31a95be9d7e93abda2737ea3ce4a62f2729d6
  pg (1.6.3-x86_64-linux) sha256=5d9e188c8f7a0295d162b7b88a768d8452a899977d44f3274d1946d67920ae8d
  pg (1.6.3-x86_64-linux-musl) sha256=9c9c90d98c72f78eb04c0f55e9618fe55d1512128e411035fe229ff427864009
  rack (3.2.5) sha256=4cbd0974c0b79f7a139b4812004a62e4c60b145cba76422e288ee670601ed6d3
  rackup (2.3.1) sha256=6c79c26753778e90983761d677a48937ee3192b3ffef6bc963c0950f94688868
  redis (5.4.1) sha256=b5e675b57ad22b15c9bcc765d5ac26f60b675408af916d31527af9bd5a81faae
  redis-client (0.28.0) sha256=888892f9cd8787a41c0ece00bdf5f556dfff7770326ce40bb2bc11f1bfec824b
  stripe (18.4.2) sha256=fd08a73ab87fc0b0ad938ca71293e1051e593001b70de5e9fcf12d1097133831
  webrick (1.9.2) sha256=beb4a15fc474defed24a3bda4ffd88a490d517c9e4e6118c3edce59e45864131
  websocket-driver (0.8.0) sha256=ed0dba4b943c22f17f9a734817e808bc84cdce6a7e22045f5315aa57676d4962
  websocket-extensions (0.1.5) sha256=1c6ba63092cda343eb53fc657110c71c754c56484aad42578495227d717a8241

RUBY VERSION
  ruby 3.2.3

BUNDLED WITH
  4.0.5
