GEM
  remote: https://rubygems.org/
  specs:
    nio4r (2.7.5)
    pg (1.6.3-x86_64-linux)
    puma (7.2.0)
      nio4r (~> 2.0)
    rack (3.2.5)
    rackup (2.3.1)
      rack (>= 3)
    stripe (18.4.2)

PLATFORMS
  x86_64-linux

DEPENDENCIES
  pg (~> 1.5)
  puma
  rack (~> 3.0)
  rackup
  stripe

CHECKSUMS
  nio4r (2.7.5)
  pg (1.6.3-x86_64-linux)
  puma (7.2.0)
  rack (3.2.5)
  rackup (2.3.1)
  stripe (18.4.2)

RUBY VERSION
  ruby 3.2.3

BUNDLED WITH
  4.0.5
