GEM
  remote: https://rubygems.org/
  specs:
    bigdecimal (4.0.1)
    logger (1.7.0)
    nio4r (2.7.5)
    oj (3.16.16)
      bigdecimal (>= 3.0)
      ostruct (>= 0.2)
    ostruct (0.6.3)
    pg (1.6.3)
    pg (1.6.3-x86_64-linux)
    puma (6.6.1)
      nio4r (~> 2.0)
    rack (3.2.5)
    rack-cors (3.0.0)
      logger
      rack (>= 3.0.14)
    rackup (2.3.1)
      rack (>= 3)

PLATFORMS
  ruby
  x86_64-linux

DEPENDENCIES
  oj
  pg
  puma
  rack (~> 3.0)
  rack-cors
  rackup

CHECKSUMS
  bigdecimal (4.0.1) sha256=8b07d3d065a9f921c80ceaea7c9d4ae596697295b584c296fe599dd0ad01c4a7
  logger (1.7.0) sha256=196edec7cc44b66cfb40f9755ce11b392f21f7967696af15d274dde7edff0203
  nio4r (2.7.5) sha256=6c90168e48fb5f8e768419c93abb94ba2b892a1d0602cb06eef16d8b7df1dca1
  oj (3.16.16) sha256=3635b36128991796434f55da8decc0de236a323535adcb36fc04e6d0253c013d
  ostruct (0.6.3) sha256=95a2ed4a4bd1d190784e666b47b2d3f078e4a9efda2fccf18f84ddc6538ed912
  pg (1.6.3) sha256=1388d0563e13d2758c1089e35e973a3249e955c659592d10e5b77c468f628a99
  pg (1.6.3-x86_64-linux) sha256=5d9e188c8f7a0295d162b7b88a768d8452a899977d44f3274d1946d67920ae8d
  puma (6.6.1) sha256=b9b56e4a4ea75d1bfa6d9e1972ee2c9f43d0883f011826d914e8e37b3694ea1e
  rack (3.2.5) sha256=4cbd0974c0b79f7a139b4812004a62e4c60b145cba76422e288ee670601ed6d3
  rack-cors (3.0.0) sha256=7b95be61db39606906b61b83bd7203fa802b0ceaaad8fcb2fef39e097bf53f68
  rackup (2.3.1) sha256=6c79c26753778e90983761d677a48937ee3192b3ffef6bc963c0950f94688868

RUBY VERSION
  ruby 3.2.3

BUNDLED WITH
  4.0.5
